
Microsoft Visual Studio Solution File, Format Version 12.00
# Visual Studio 15
VisualStudioVersion = 15.0.26430.16
MinimumVisualStudioVersion = 10.0.40219.1
Project("{2150E333-8FDC-42A3-9474-1A3956D46DE8}") = "test1", "test1", "{491BC73D-4418-4383-B702-85C61AAF1CD0}"
EndProject
Project("{FAE04EC0-301F-11D3-BF4B-00C04F79EFBC}") = "test_base", "test_base\test_base.csproj", "{0B430039-AFF1-4EC0-98D8-FE64DCA8FA44}"
EndProject
Project("{FAE04EC0-301F-11D3-BF4B-00C04F79EFBC}") = "test_Assembly", "test_Assembly\test_Assembly.csproj", "{4B17D211-6ED3-42DD-AF62-C05C1A12B762}"
EndProject
Project("{FAE04EC0-301F-11D3-BF4B-00C04F79EFBC}") = "test_CodeFrist", "test_CodeFrist\test_CodeFrist.csproj", "{18E1F938-43A0-419C-8073-F931D047462B}"
EndProject
Project("{FAE04EC0-301F-11D3-BF4B-00C04F79EFBC}") = "testXml", "testXml\testXml.csproj", "{B92B899D-2310-481F-9AAF-3C34920317FB}"
EndProject
Project("{FAE04EC0-301F-11D3-BF4B-00C04F79EFBC}") = "GdpTest", "GdpTest\GdpTest.csproj", "{63BBB7FB-7693-4E8F-82A1-9C7ED87EA49D}"
EndProject
Project("{FAE04EC0-301F-11D3-BF4B-00C04F79EFBC}") = "AutoMapperTest", "AutoMapperTest\AutoMapperTest.csproj", "{D7EB7828-82BD-47B2-B519-78BE47F838B8}"
EndProject
Project("{FAE04EC0-301F-11D3-BF4B-00C04F79EFBC}") = "epplus", "epplus\epplus.csproj", "{29FBF803-398C-4E37-AD14-AD0CFC161C85}"
EndProject
Project("{FAE04EC0-301F-11D3-BF4B-00C04F79EFBC}") = "人工智能", "人工智能\人工智能.csproj", "{A8BA1066-5695-4D71-ABB4-65E5A5E0C3D4}"
EndProject
Project("{FAE04EC0-301F-11D3-BF4B-00C04F79EFBC}") = "testEf", "testEf\testEf.csproj", "{DB2C3431-8B41-4450-B520-C7EFCC3B378F}"
EndProject
Project("{FAE04EC0-301F-11D3-BF4B-00C04F79EFBC}") = "singleton", "singleton\singleton.csproj", "{01038A4C-7E52-4DC6-B81B-C74588CC0805}"
EndProject
Global
	GlobalSection(SolutionConfigurationPlatforms) = preSolution
		Debug|Any CPU = Debug|Any CPU
		Release|Any CPU = Release|Any CPU
	EndGlobalSection
	GlobalSection(ProjectConfigurationPlatforms) = postSolution
		{0B430039-AFF1-4EC0-98D8-FE64DCA8FA44}.Debug|Any CPU.ActiveCfg = Debug|Any CPU
		{0B430039-AFF1-4EC0-98D8-FE64DCA8FA44}.Debug|Any CPU.Build.0 = Debug|Any CPU
		{0B430039-AFF1-4EC0-98D8-FE64DCA8FA44}.Release|Any CPU.ActiveCfg = Release|Any CPU
		{0B430039-AFF1-4EC0-98D8-FE64DCA8FA44}.Release|Any CPU.Build.0 = Release|Any CPU
		{4B17D211-6ED3-42DD-AF62-C05C1A12B762}.Debug|Any CPU.ActiveCfg = Debug|Any CPU
		{4B17D211-6ED3-42DD-AF62-C05C1A12B762}.Debug|Any CPU.Build.0 = Debug|Any CPU
		{4B17D211-6ED3-42DD-AF62-C05C1A12B762}.Release|Any CPU.ActiveCfg = Release|Any CPU
		{4B17D211-6ED3-42DD-AF62-C05C1A12B762}.Release|Any CPU.Build.0 = Release|Any CPU
		{18E1F938-43A0-419C-8073-F931D047462B}.Debug|Any CPU.ActiveCfg = Debug|Any CPU
		{18E1F938-43A0-419C-8073-F931D047462B}.Debug|Any CPU.Build.0 = Debug|Any CPU
		{18E1F938-43A0-419C-8073-F931D047462B}.Release|Any CPU.ActiveCfg = Release|Any CPU
		{18E1F938-43A0-419C-8073-F931D047462B}.Release|Any CPU.Build.0 = Release|Any CPU
		{B92B899D-2310-481F-9AAF-3C34920317FB}.Debug|Any CPU.ActiveCfg = Debug|Any CPU
		{B92B899D-2310-481F-9AAF-3C34920317FB}.Debug|Any CPU.Build.0 = Debug|Any CPU
		{B92B899D-2310-481F-9AAF-3C34920317FB}.Release|Any CPU.ActiveCfg = Release|Any CPU
		{B92B899D-2310-481F-9AAF-3C34920317FB}.Release|Any CPU.Build.0 = Release|Any CPU
		{63BBB7FB-7693-4E8F-82A1-9C7ED87EA49D}.Debug|Any CPU.ActiveCfg = Debug|Any CPU
		{63BBB7FB-7693-4E8F-82A1-9C7ED87EA49D}.Debug|Any CPU.Build.0 = Debug|Any CPU
		{63BBB7FB-7693-4E8F-82A1-9C7ED87EA49D}.Release|Any CPU.ActiveCfg = Release|Any CPU
		{63BBB7FB-7693-4E8F-82A1-9C7ED87EA49D}.Release|Any CPU.Build.0 = Release|Any CPU
		{D7EB7828-82BD-47B2-B519-78BE47F838B8}.Debug|Any CPU.ActiveCfg = Debug|Any CPU
		{D7EB7828-82BD-47B2-B519-78BE47F838B8}.Debug|Any CPU.Build.0 = Debug|Any CPU
		{D7EB7828-82BD-47B2-B519-78BE47F838B8}.Release|Any CPU.ActiveCfg = Release|Any CPU
		{D7EB7828-82BD-47B2-B519-78BE47F838B8}.Release|Any CPU.Build.0 = Release|Any CPU
		{29FBF803-398C-4E37-AD14-AD0CFC161C85}.Debug|Any CPU.ActiveCfg = Debug|Any CPU
		{29FBF803-398C-4E37-AD14-AD0CFC161C85}.Debug|Any CPU.Build.0 = Debug|Any CPU
		{29FBF803-398C-4E37-AD14-AD0CFC161C85}.Release|Any CPU.ActiveCfg = Release|Any CPU
		{29FBF803-398C-4E37-AD14-AD0CFC161C85}.Release|Any CPU.Build.0 = Release|Any CPU
		{A8BA1066-5695-4D71-ABB4-65E5A5E0C3D4}.Debug|Any CPU.ActiveCfg = Debug|Any CPU
		{A8BA1066-5695-4D71-ABB4-65E5A5E0C3D4}.Debug|Any CPU.Build.0 = Debug|Any CPU
		{A8BA1066-5695-4D71-ABB4-65E5A5E0C3D4}.Release|Any CPU.ActiveCfg = Release|Any CPU
		{A8BA1066-5695-4D71-ABB4-65E5A5E0C3D4}.Release|Any CPU.Build.0 = Release|Any CPU
		{DB2C3431-8B41-4450-B520-C7EFCC3B378F}.Debug|Any CPU.ActiveCfg = Debug|Any CPU
		{DB2C3431-8B41-4450-B520-C7EFCC3B378F}.Debug|Any CPU.Build.0 = Debug|Any CPU
		{DB2C3431-8B41-4450-B520-C7EFCC3B378F}.Release|Any CPU.ActiveCfg = Release|Any CPU
		{DB2C3431-8B41-4450-B520-C7EFCC3B378F}.Release|Any CPU.Build.0 = Release|Any CPU
		{01038A4C-7E52-4DC6-B81B-C74588CC0805}.Debug|Any CPU.ActiveCfg = Debug|Any CPU
		{01038A4C-7E52-4DC6-B81B-C74588CC0805}.Debug|Any CPU.Build.0 = Debug|Any CPU
		{01038A4C-7E52-4DC6-B81B-C74588CC0805}.Release|Any CPU.ActiveCfg = Release|Any CPU
		{01038A4C-7E52-4DC6-B81B-C74588CC0805}.Release|Any CPU.Build.0 = Release|Any CPU
	EndGlobalSection
	GlobalSection(SolutionProperties) = preSolution
		HideSolutionNode = FALSE
	EndGlobalSection
	GlobalSection(NestedProjects) = preSolution
		{0B430039-AFF1-4EC0-98D8-FE64DCA8FA44} = {491BC73D-4418-4383-B702-85C61AAF1CD0}
		{4B17D211-6ED3-42DD-AF62-C05C1A12B762} = {491BC73D-4418-4383-B702-85C61AAF1CD0}
		{18E1F938-43A0-419C-8073-F931D047462B} = {491BC73D-4418-4383-B702-85C61AAF1CD0}
		{B92B899D-2310-481F-9AAF-3C34920317FB} = {491BC73D-4418-4383-B702-85C61AAF1CD0}
		{63BBB7FB-7693-4E8F-82A1-9C7ED87EA49D} = {491BC73D-4418-4383-B702-85C61AAF1CD0}
		{D7EB7828-82BD-47B2-B519-78BE47F838B8} = {491BC73D-4418-4383-B702-85C61AAF1CD0}
		{29FBF803-398C-4E37-AD14-AD0CFC161C85} = {491BC73D-4418-4383-B702-85C61AAF1CD0}
		{A8BA1066-5695-4D71-ABB4-65E5A5E0C3D4} = {491BC73D-4418-4383-B702-85C61AAF1CD0}
		{DB2C3431-8B41-4450-B520-C7EFCC3B378F} = {491BC73D-4418-4383-B702-85C61AAF1CD0}
		{01038A4C-7E52-4DC6-B81B-C74588CC0805} = {491BC73D-4418-4383-B702-85C61AAF1CD0}
	EndGlobalSection
EndGlobal
