
Microsoft Visual Studio Solution File, Format Version 12.00
# Visual Studio Version 16
VisualStudioVersion = 16.0.28714.193
MinimumVisualStudioVersion = 10.0.40219.1
Project("{2150E333-8FDC-42A3-9474-1A3956D46DE8}") = "test1", "test1", "{491BC73D-4418-4383-B702-85C61AAF1CD0}"
EndProject
Project("{FAE04EC0-301F-11D3-BF4B-00C04F79EFBC}") = "test_base", "test_base\test_base.csproj", "{0B430039-AFF1-4EC0-98D8-FE64DCA8FA44}"
EndProject
Project("{FAE04EC0-301F-11D3-BF4B-00C04F79EFBC}") = "test_CodeFrist", "test_CodeFrist\test_CodeFrist.csproj", "{18E1F938-43A0-419C-8073-F931D047462B}"
EndProject
Project("{FAE04EC0-301F-11D3-BF4B-00C04F79EFBC}") = "testXml", "testXml\testXml.csproj", "{B92B899D-2310-481F-9AAF-3C34920317FB}"
EndProject
Project("{FAE04EC0-301F-11D3-BF4B-00C04F79EFBC}") = "GdpTest", "GdpTest\GdpTest.csproj", "{63BBB7FB-7693-4E8F-82A1-9C7ED87EA49D}"
EndProject
Project("{FAE04EC0-301F-11D3-BF4B-00C04F79EFBC}") = "AutoMapperTest", "AutoMapperTest\AutoMapperTest.csproj", "{D7EB7828-82BD-47B2-B519-78BE47F838B8}"
EndProject
Project("{FAE04EC0-301F-11D3-BF4B-00C04F79EFBC}") = "epplus", "epplus\epplus.csproj", "{29FBF803-398C-4E37-AD14-AD0CFC161C85}"
EndProject
Project("{FAE04EC0-301F-11D3-BF4B-00C04F79EFBC}") = "testEf", "testEf\testEf.csproj", "{DB2C3431-8B41-4450-B520-C7EFCC3B378F}"
EndProject
Project("{FAE04EC0-301F-11D3-BF4B-00C04F79EFBC}") = "singleton", "singleton\singleton.csproj", "{01038A4C-7E52-4DC6-B81B-C74588CC0805}"
EndProject
Project("{9A19103F-16F7-4668-BE54-9A1E7A4F7556}") = "test_thread", "test_thread\test_thread.csproj", "{AC5FA839-EF04-4718-9341-FD62E60412FA}"
EndProject
Project("{FAE04EC0-301F-11D3-BF4B-00C04F79EFBC}") = "LOG4NET", "LOG4NET\LOG4NET.csproj", "{39B26C5D-E04E-478A-8744-AEE1290BC028}"
EndProject
Project("{FAE04EC0-301F-11D3-BF4B-00C04F79EFBC}") = "PostNodify", "PostNodify\PostNodify.csproj", "{A5B80BB4-2DD1-4B0E-8585-75E38BA2719F}"
EndProject
Project("{FAE04EC0-301F-11D3-BF4B-00C04F79EFBC}") = "FileConsoleApp", "FileConsoleApp\FileConsoleApp.csproj", "{657E673E-46E3-4AB8-97C9-A5181A040BD4}"
EndProject
Project("{9A19103F-16F7-4668-BE54-9A1E7A4F7556}") = "XunitDemo", "XunitDemo\XunitDemo.csproj", "{36FF0FC5-5527-4F7A-9BD1-656BD5104A25}"
EndProject
Project("{9A19103F-16F7-4668-BE54-9A1E7A4F7556}") = "InitTree", "InitTree\InitTree.csproj", "{ADCA2691-A8C6-4C4B-897F-6E38F957A5FB}"
EndProject
Project("{9A19103F-16F7-4668-BE54-9A1E7A4F7556}") = "operatorDemo", "operatorDemo\operatorDemo.csproj", "{C688F8C4-60EF-4B70-95E9-BDB649B1BDEF}"
EndProject
Project("{9A19103F-16F7-4668-BE54-9A1E7A4F7556}") = "Yield迭代器", "Yield迭代器\Yield迭代器.csproj", "{DE989C10-8741-43C4-955E-D6C4D256DEE1}"
EndProject
Project("{9A19103F-16F7-4668-BE54-9A1E7A4F7556}") = "LYLibrary", "LYLibrary\LYLibrary.csproj", "{B4EDBDE5-FCD0-4C83-8890-DBCFDDA0382E}"
EndProject
Project("{9A19103F-16F7-4668-BE54-9A1E7A4F7556}") = "EFCore", "EFCore\EFCore.csproj", "{68C5DA5F-660D-4BC3-84D3-8DBE5B45C081}"
EndProject
Project("{9A19103F-16F7-4668-BE54-9A1E7A4F7556}") = "里式替换原则", "里式替换原则\里式替换原则.csproj", "{6E4881B7-063C-4895-AF84-C89290D07819}"
EndProject
Project("{FAE04EC0-301F-11D3-BF4B-00C04F79EFBC}") = "状态模式", "状态模式\状态模式.csproj", "{0BBED1C8-CE94-4C70-841D-36C390438345}"
EndProject
Global
	GlobalSection(SolutionConfigurationPlatforms) = preSolution
		Debug|Any CPU = Debug|Any CPU
		Release|Any CPU = Release|Any CPU
	EndGlobalSection
	GlobalSection(ProjectConfigurationPlatforms) = postSolution
		{0B430039-AFF1-4EC0-98D8-FE64DCA8FA44}.Debug|Any CPU.ActiveCfg = Debug|Any CPU
		{0B430039-AFF1-4EC0-98D8-FE64DCA8FA44}.Debug|Any CPU.Build.0 = Debug|Any CPU
		{0B430039-AFF1-4EC0-98D8-FE64DCA8FA44}.Release|Any CPU.ActiveCfg = Release|Any CPU
		{0B430039-AFF1-4EC0-98D8-FE64DCA8FA44}.Release|Any CPU.Build.0 = Release|Any CPU
		{18E1F938-43A0-419C-8073-F931D047462B}.Debug|Any CPU.ActiveCfg = Debug|Any CPU
		{18E1F938-43A0-419C-8073-F931D047462B}.Debug|Any CPU.Build.0 = Debug|Any CPU
		{18E1F938-43A0-419C-8073-F931D047462B}.Release|Any CPU.ActiveCfg = Release|Any CPU
		{18E1F938-43A0-419C-8073-F931D047462B}.Release|Any CPU.Build.0 = Release|Any CPU
		{B92B899D-2310-481F-9AAF-3C34920317FB}.Debug|Any CPU.ActiveCfg = Debug|Any CPU
		{B92B899D-2310-481F-9AAF-3C34920317FB}.Debug|Any CPU.Build.0 = Debug|Any CPU
		{B92B899D-2310-481F-9AAF-3C34920317FB}.Release|Any CPU.ActiveCfg = Release|Any CPU
		{B92B899D-2310-481F-9AAF-3C34920317FB}.Release|Any CPU.Build.0 = Release|Any CPU
		{63BBB7FB-7693-4E8F-82A1-9C7ED87EA49D}.Debug|Any CPU.ActiveCfg = Debug|Any CPU
		{63BBB7FB-7693-4E8F-82A1-9C7ED87EA49D}.Debug|Any CPU.Build.0 = Debug|Any CPU
		{63BBB7FB-7693-4E8F-82A1-9C7ED87EA49D}.Release|Any CPU.ActiveCfg = Release|Any CPU
		{63BBB7FB-7693-4E8F-82A1-9C7ED87EA49D}.Release|Any CPU.Build.0 = Release|Any CPU
		{D7EB7828-82BD-47B2-B519-78BE47F838B8}.Debug|Any CPU.ActiveCfg = Debug|Any CPU
		{D7EB7828-82BD-47B2-B519-78BE47F838B8}.Debug|Any CPU.Build.0 = Debug|Any CPU
		{D7EB7828-82BD-47B2-B519-78BE47F838B8}.Release|Any CPU.ActiveCfg = Release|Any CPU
		{D7EB7828-82BD-47B2-B519-78BE47F838B8}.Release|Any CPU.Build.0 = Release|Any CPU
		{29FBF803-398C-4E37-AD14-AD0CFC161C85}.Debug|Any CPU.ActiveCfg = Debug|Any CPU
		{29FBF803-398C-4E37-AD14-AD0CFC161C85}.Debug|Any CPU.Build.0 = Debug|Any CPU
		{29FBF803-398C-4E37-AD14-AD0CFC161C85}.Release|Any CPU.ActiveCfg = Release|Any CPU
		{29FBF803-398C-4E37-AD14-AD0CFC161C85}.Release|Any CPU.Build.0 = Release|Any CPU
		{DB2C3431-8B41-4450-B520-C7EFCC3B378F}.Debug|Any CPU.ActiveCfg = Debug|Any CPU
		{DB2C3431-8B41-4450-B520-C7EFCC3B378F}.Debug|Any CPU.Build.0 = Debug|Any CPU
		{DB2C3431-8B41-4450-B520-C7EFCC3B378F}.Release|Any CPU.ActiveCfg = Release|Any CPU
		{DB2C3431-8B41-4450-B520-C7EFCC3B378F}.Release|Any CPU.Build.0 = Release|Any CPU
		{01038A4C-7E52-4DC6-B81B-C74588CC0805}.Debug|Any CPU.ActiveCfg = Debug|Any CPU
		{01038A4C-7E52-4DC6-B81B-C74588CC0805}.Debug|Any CPU.Build.0 = Debug|Any CPU
		{01038A4C-7E52-4DC6-B81B-C74588CC0805}.Release|Any CPU.ActiveCfg = Release|Any CPU
		{01038A4C-7E52-4DC6-B81B-C74588CC0805}.Release|Any CPU.Build.0 = Release|Any CPU
		{AC5FA839-EF04-4718-9341-FD62E60412FA}.Debug|Any CPU.ActiveCfg = Debug|Any CPU
		{AC5FA839-EF04-4718-9341-FD62E60412FA}.Debug|Any CPU.Build.0 = Debug|Any CPU
		{AC5FA839-EF04-4718-9341-FD62E60412FA}.Release|Any CPU.ActiveCfg = Release|Any CPU
		{AC5FA839-EF04-4718-9341-FD62E60412FA}.Release|Any CPU.Build.0 = Release|Any CPU
		{39B26C5D-E04E-478A-8744-AEE1290BC028}.Debug|Any CPU.ActiveCfg = Debug|Any CPU
		{39B26C5D-E04E-478A-8744-AEE1290BC028}.Debug|Any CPU.Build.0 = Debug|Any CPU
		{39B26C5D-E04E-478A-8744-AEE1290BC028}.Release|Any CPU.ActiveCfg = Release|Any CPU
		{39B26C5D-E04E-478A-8744-AEE1290BC028}.Release|Any CPU.Build.0 = Release|Any CPU
		{A5B80BB4-2DD1-4B0E-8585-75E38BA2719F}.Debug|Any CPU.ActiveCfg = Debug|Any CPU
		{A5B80BB4-2DD1-4B0E-8585-75E38BA2719F}.Debug|Any CPU.Build.0 = Debug|Any CPU
		{A5B80BB4-2DD1-4B0E-8585-75E38BA2719F}.Release|Any CPU.ActiveCfg = Release|Any CPU
		{A5B80BB4-2DD1-4B0E-8585-75E38BA2719F}.Release|Any CPU.Build.0 = Release|Any CPU
		{657E673E-46E3-4AB8-97C9-A5181A040BD4}.Debug|Any CPU.ActiveCfg = Debug|Any CPU
		{657E673E-46E3-4AB8-97C9-A5181A040BD4}.Debug|Any CPU.Build.0 = Debug|Any CPU
		{657E673E-46E3-4AB8-97C9-A5181A040BD4}.Release|Any CPU.ActiveCfg = Release|Any CPU
		{657E673E-46E3-4AB8-97C9-A5181A040BD4}.Release|Any CPU.Build.0 = Release|Any CPU
		{36FF0FC5-5527-4F7A-9BD1-656BD5104A25}.Debug|Any CPU.ActiveCfg = Debug|Any CPU
		{36FF0FC5-5527-4F7A-9BD1-656BD5104A25}.Debug|Any CPU.Build.0 = Debug|Any CPU
		{36FF0FC5-5527-4F7A-9BD1-656BD5104A25}.Release|Any CPU.ActiveCfg = Release|Any CPU
		{36FF0FC5-5527-4F7A-9BD1-656BD5104A25}.Release|Any CPU.Build.0 = Release|Any CPU
		{ADCA2691-A8C6-4C4B-897F-6E38F957A5FB}.Debug|Any CPU.ActiveCfg = Debug|Any CPU
		{ADCA2691-A8C6-4C4B-897F-6E38F957A5FB}.Debug|Any CPU.Build.0 = Debug|Any CPU
		{ADCA2691-A8C6-4C4B-897F-6E38F957A5FB}.Release|Any CPU.ActiveCfg = Release|Any CPU
		{ADCA2691-A8C6-4C4B-897F-6E38F957A5FB}.Release|Any CPU.Build.0 = Release|Any CPU
		{C688F8C4-60EF-4B70-95E9-BDB649B1BDEF}.Debug|Any CPU.ActiveCfg = Debug|Any CPU
		{C688F8C4-60EF-4B70-95E9-BDB649B1BDEF}.Debug|Any CPU.Build.0 = Debug|Any CPU
		{C688F8C4-60EF-4B70-95E9-BDB649B1BDEF}.Release|Any CPU.ActiveCfg = Release|Any CPU
		{C688F8C4-60EF-4B70-95E9-BDB649B1BDEF}.Release|Any CPU.Build.0 = Release|Any CPU
		{DE989C10-8741-43C4-955E-D6C4D256DEE1}.Debug|Any CPU.ActiveCfg = Debug|Any CPU
		{DE989C10-8741-43C4-955E-D6C4D256DEE1}.Debug|Any CPU.Build.0 = Debug|Any CPU
		{DE989C10-8741-43C4-955E-D6C4D256DEE1}.Release|Any CPU.ActiveCfg = Release|Any CPU
		{DE989C10-8741-43C4-955E-D6C4D256DEE1}.Release|Any CPU.Build.0 = Release|Any CPU
		{B4EDBDE5-FCD0-4C83-8890-DBCFDDA0382E}.Debug|Any CPU.ActiveCfg = Debug|Any CPU
		{B4EDBDE5-FCD0-4C83-8890-DBCFDDA0382E}.Debug|Any CPU.Build.0 = Debug|Any CPU
		{B4EDBDE5-FCD0-4C83-8890-DBCFDDA0382E}.Release|Any CPU.ActiveCfg = Release|Any CPU
		{B4EDBDE5-FCD0-4C83-8890-DBCFDDA0382E}.Release|Any CPU.Build.0 = Release|Any CPU
		{68C5DA5F-660D-4BC3-84D3-8DBE5B45C081}.Debug|Any CPU.ActiveCfg = Debug|Any CPU
		{68C5DA5F-660D-4BC3-84D3-8DBE5B45C081}.Debug|Any CPU.Build.0 = Debug|Any CPU
		{68C5DA5F-660D-4BC3-84D3-8DBE5B45C081}.Release|Any CPU.ActiveCfg = Release|Any CPU
		{68C5DA5F-660D-4BC3-84D3-8DBE5B45C081}.Release|Any CPU.Build.0 = Release|Any CPU
		{6E4881B7-063C-4895-AF84-C89290D07819}.Debug|Any CPU.ActiveCfg = Debug|Any CPU
		{6E4881B7-063C-4895-AF84-C89290D07819}.Debug|Any CPU.Build.0 = Debug|Any CPU
		{6E4881B7-063C-4895-AF84-C89290D07819}.Release|Any CPU.ActiveCfg = Release|Any CPU
		{6E4881B7-063C-4895-AF84-C89290D07819}.Release|Any CPU.Build.0 = Release|Any CPU
		{0BBED1C8-CE94-4C70-841D-36C390438345}.Debug|Any CPU.ActiveCfg = Debug|Any CPU
		{0BBED1C8-CE94-4C70-841D-36C390438345}.Debug|Any CPU.Build.0 = Debug|Any CPU
		{0BBED1C8-CE94-4C70-841D-36C390438345}.Release|Any CPU.ActiveCfg = Release|Any CPU
		{0BBED1C8-CE94-4C70-841D-36C390438345}.Release|Any CPU.Build.0 = Release|Any CPU
	EndGlobalSection
	GlobalSection(SolutionProperties) = preSolution
		HideSolutionNode = FALSE
	EndGlobalSection
	GlobalSection(NestedProjects) = preSolution
		{0B430039-AFF1-4EC0-98D8-FE64DCA8FA44} = {491BC73D-4418-4383-B702-85C61AAF1CD0}
		{18E1F938-43A0-419C-8073-F931D047462B} = {491BC73D-4418-4383-B702-85C61AAF1CD0}
		{B92B899D-2310-481F-9AAF-3C34920317FB} = {491BC73D-4418-4383-B702-85C61AAF1CD0}
		{63BBB7FB-7693-4E8F-82A1-9C7ED87EA49D} = {491BC73D-4418-4383-B702-85C61AAF1CD0}
		{D7EB7828-82BD-47B2-B519-78BE47F838B8} = {491BC73D-4418-4383-B702-85C61AAF1CD0}
		{29FBF803-398C-4E37-AD14-AD0CFC161C85} = {491BC73D-4418-4383-B702-85C61AAF1CD0}
		{DB2C3431-8B41-4450-B520-C7EFCC3B378F} = {491BC73D-4418-4383-B702-85C61AAF1CD0}
		{01038A4C-7E52-4DC6-B81B-C74588CC0805} = {491BC73D-4418-4383-B702-85C61AAF1CD0}
		{AC5FA839-EF04-4718-9341-FD62E60412FA} = {491BC73D-4418-4383-B702-85C61AAF1CD0}
		{39B26C5D-E04E-478A-8744-AEE1290BC028} = {491BC73D-4418-4383-B702-85C61AAF1CD0}
		{A5B80BB4-2DD1-4B0E-8585-75E38BA2719F} = {491BC73D-4418-4383-B702-85C61AAF1CD0}
		{657E673E-46E3-4AB8-97C9-A5181A040BD4} = {491BC73D-4418-4383-B702-85C61AAF1CD0}
		{36FF0FC5-5527-4F7A-9BD1-656BD5104A25} = {491BC73D-4418-4383-B702-85C61AAF1CD0}
		{ADCA2691-A8C6-4C4B-897F-6E38F957A5FB} = {491BC73D-4418-4383-B702-85C61AAF1CD0}
		{C688F8C4-60EF-4B70-95E9-BDB649B1BDEF} = {491BC73D-4418-4383-B702-85C61AAF1CD0}
		{DE989C10-8741-43C4-955E-D6C4D256DEE1} = {491BC73D-4418-4383-B702-85C61AAF1CD0}
		{B4EDBDE5-FCD0-4C83-8890-DBCFDDA0382E} = {491BC73D-4418-4383-B702-85C61AAF1CD0}
		{68C5DA5F-660D-4BC3-84D3-8DBE5B45C081} = {491BC73D-4418-4383-B702-85C61AAF1CD0}
		{6E4881B7-063C-4895-AF84-C89290D07819} = {491BC73D-4418-4383-B702-85C61AAF1CD0}
		{0BBED1C8-CE94-4C70-841D-36C390438345} = {491BC73D-4418-4383-B702-85C61AAF1CD0}
	EndGlobalSection
	GlobalSection(ExtensibilityGlobals) = postSolution
		SolutionGuid = {C0309848-9D77-44CD-B373-77676266DE78}
	EndGlobalSection
EndGlobal
